
Microsoft Visual Studio Solution File, Format Version 12.00
# Visual Studio Version 16
VisualStudioVersion = 16.0.29505.145
MinimumVisualStudioVersion = 10.0.40219.1
Project("{FAE04EC0-301F-11D3-BF4B-00C04F79EFBC}") = "MCCSI", "MCCSI\MCCSI.csproj", "{58B54193-74D1-4E64-B3D5-3DB3108A2E6B}"
EndProject
Global
	GlobalSection(SolutionConfigurationPlatforms) = preSolution
		Debug|Any CPU = Debug|Any CPU
		Release|Any CPU = Release|Any CPU
	EndGlobalSection
	GlobalSection(ProjectConfigurationPlatforms) = postSolution
		{58B54193-74D1-4E64-B3D5-3DB3108A2E6B}.Debug|Any CPU.ActiveCfg = Debug|Any CPU
		{58B54193-74D1-4E64-B3D5-3DB3108A2E6B}.Debug|Any CPU.Build.0 = Debug|Any CPU
		{58B54193-74D1-4E64-B3D5-3DB3108A2E6B}.Release|Any CPU.ActiveCfg = Release|Any CPU
		{58B54193-74D1-4E64-B3D5-3DB3108A2E6B}.Release|Any CPU.Build.0 = Release|Any CPU
	EndGlobalSection
	GlobalSection(SolutionProperties) = preSolution
		HideSolutionNode = FALSE
	EndGlobalSection
	GlobalSection(ExtensibilityGlobals) = postSolution
		SolutionGuid = {76318292-20F5-49E5-B138-7E99C3C67C9F}
	EndGlobalSection
EndGlobal
